
Microsoft Visual Studio Solution File, Format Version 12.00
# Visual Studio Version 17
VisualStudioVersion = 17.14.36221.1 d17.14
MinimumVisualStudioVersion = 10.0.40219.1
Project("{FAE04EC0-301F-11D3-BF4B-00C04F79EFBC}") = "24SOECE13014_AMRITA", "24SOECE13014_AMRITA.csproj", "{F191AF6F-8D55-4A95-BD6B-A0EA7CB337E9}"
EndProject
Global
	GlobalSection(SolutionConfigurationPlatforms) = preSolution
		Debug|Any CPU = Debug|Any CPU
		Release|Any CPU = Release|Any CPU
	EndGlobalSection
	GlobalSection(ProjectConfigurationPlatforms) = postSolution
		{F191AF6F-8D55-4A95-BD6B-A0EA7CB337E9}.Debug|Any CPU.ActiveCfg = Debug|Any CPU
		{F191AF6F-8D55-4A95-BD6B-A0EA7CB337E9}.Debug|Any CPU.Build.0 = Debug|Any CPU
		{F191AF6F-8D55-4A95-BD6B-A0EA7CB337E9}.Release|Any CPU.ActiveCfg = Release|Any CPU
		{F191AF6F-8D55-4A95-BD6B-A0EA7CB337E9}.Release|Any CPU.Build.0 = Release|Any CPU
	EndGlobalSection
	GlobalSection(SolutionProperties) = preSolution
		HideSolutionNode = FALSE
	EndGlobalSection
	GlobalSection(ExtensibilityGlobals) = postSolution
		SolutionGuid = {18CA86D7-9C26-41BA-ABAE-3AAB2708656A}
	EndGlobalSection
EndGlobal
